
Microsoft Visual Studio Solution File, Format Version 12.00
# Visual Studio Express 2012 for Windows Desktop
Project("{FAE04EC0-301F-11D3-BF4B-00C04F79EFBC}") = "FunConParamSinRetorn", "FunConParamSinRetorn\FunConParamSinRetorn.csproj", "{5533E65E-D19A-435C-8AA7-CC8AF4C9E6FE}"
EndProject
Global
	GlobalSection(SolutionConfigurationPlatforms) = preSolution
		Debug|Any CPU = Debug|Any CPU
		Release|Any CPU = Release|Any CPU
	EndGlobalSection
	GlobalSection(ProjectConfigurationPlatforms) = postSolution
		{5533E65E-D19A-435C-8AA7-CC8AF4C9E6FE}.Debug|Any CPU.ActiveCfg = Debug|Any CPU
		{5533E65E-D19A-435C-8AA7-CC8AF4C9E6FE}.Debug|Any CPU.Build.0 = Debug|Any CPU
		{5533E65E-D19A-435C-8AA7-CC8AF4C9E6FE}.Release|Any CPU.ActiveCfg = Release|Any CPU
		{5533E65E-D19A-435C-8AA7-CC8AF4C9E6FE}.Release|Any CPU.Build.0 = Release|Any CPU
	EndGlobalSection
	GlobalSection(SolutionProperties) = preSolution
		HideSolutionNode = FALSE
	EndGlobalSection
EndGlobal
